
Microsoft Visual Studio Solution File, Format Version 12.00
# Visual Studio 15
VisualStudioVersion = 15.0.28307.329
MinimumVisualStudioVersion = 10.0.40219.1
Project("{FAE04EC0-301F-11D3-BF4B-00C04F79EFBC}") = "Assignment02", "ConsoleApp2\Assignment02.csproj", "{5592B460-35BA-41DE-ABFD-47B711EC2139}"
EndProject
Global
	GlobalSection(SolutionConfigurationPlatforms) = preSolution
		Debug|Any CPU = Debug|Any CPU
		Release|Any CPU = Release|Any CPU
	EndGlobalSection
	GlobalSection(ProjectConfigurationPlatforms) = postSolution
		{5592B460-35BA-41DE-ABFD-47B711EC2139}.Debug|Any CPU.ActiveCfg = Debug|Any CPU
		{5592B460-35BA-41DE-ABFD-47B711EC2139}.Debug|Any CPU.Build.0 = Debug|Any CPU
		{5592B460-35BA-41DE-ABFD-47B711EC2139}.Release|Any CPU.ActiveCfg = Release|Any CPU
		{5592B460-35BA-41DE-ABFD-47B711EC2139}.Release|Any CPU.Build.0 = Release|Any CPU
	EndGlobalSection
	GlobalSection(SolutionProperties) = preSolution
		HideSolutionNode = FALSE
	EndGlobalSection
	GlobalSection(ExtensibilityGlobals) = postSolution
		SolutionGuid = {1A47A2BC-0644-4879-B0B5-AFE8DA8ACC30}
	EndGlobalSection
EndGlobal
